
Microsoft Visual Studio Solution File, Format Version 12.00
# Visual Studio Version 17
VisualStudioVersion = 17.11.35017.193
MinimumVisualStudioVersion = 10.0.40219.1
Project("{FAE04EC0-301F-11D3-BF4B-00C04F79EFBC}") = "ChiBao", "ChiBao.csproj", "{FB7BF935-F847-47AC-908F-6B6277628FDC}"
EndProject
Global
	GlobalSection(SolutionConfigurationPlatforms) = preSolution
		Debug|Any CPU = Debug|Any CPU
		Release|Any CPU = Release|Any CPU
	EndGlobalSection
	GlobalSection(ProjectConfigurationPlatforms) = postSolution
		{FB7BF935-F847-47AC-908F-6B6277628FDC}.Debug|Any CPU.ActiveCfg = Debug|Any CPU
		{FB7BF935-F847-47AC-908F-6B6277628FDC}.Debug|Any CPU.Build.0 = Debug|Any CPU
		{FB7BF935-F847-47AC-908F-6B6277628FDC}.Release|Any CPU.ActiveCfg = Release|Any CPU
		{FB7BF935-F847-47AC-908F-6B6277628FDC}.Release|Any CPU.Build.0 = Release|Any CPU
	EndGlobalSection
	GlobalSection(SolutionProperties) = preSolution
		HideSolutionNode = FALSE
	EndGlobalSection
	GlobalSection(ExtensibilityGlobals) = postSolution
		SolutionGuid = {C41AE201-52C9-490A-BC03-5FC0099E6593}
	EndGlobalSection
EndGlobal
